
Microsoft Visual Studio Solution File, Format Version 12.00
# Visual Studio Version 16
VisualStudioVersion = 16.0.30225.117
MinimumVisualStudioVersion = 10.0.40219.1
Project("{FAE04EC0-301F-11D3-BF4B-00C04F79EFBC}") = "ImagoImasgeViewer-v2", "ImagoImasgeViewer-v2\ImagoImasgeViewer-v2.csproj", "{7FB22D0A-3C7C-4BC1-A907-F32E34CB34DB}"
EndProject
Global
	GlobalSection(SolutionConfigurationPlatforms) = preSolution
		Debug|Any CPU = Debug|Any CPU
		Release|Any CPU = Release|Any CPU
	EndGlobalSection
	GlobalSection(ProjectConfigurationPlatforms) = postSolution
		{7FB22D0A-3C7C-4BC1-A907-F32E34CB34DB}.Debug|Any CPU.ActiveCfg = Debug|Any CPU
		{7FB22D0A-3C7C-4BC1-A907-F32E34CB34DB}.Debug|Any CPU.Build.0 = Debug|Any CPU
		{7FB22D0A-3C7C-4BC1-A907-F32E34CB34DB}.Release|Any CPU.ActiveCfg = Release|Any CPU
		{7FB22D0A-3C7C-4BC1-A907-F32E34CB34DB}.Release|Any CPU.Build.0 = Release|Any CPU
	EndGlobalSection
	GlobalSection(SolutionProperties) = preSolution
		HideSolutionNode = FALSE
	EndGlobalSection
	GlobalSection(ExtensibilityGlobals) = postSolution
		SolutionGuid = {94626A4A-D0FF-4C28-A42E-FBE66F9F4471}
	EndGlobalSection
EndGlobal
